
Microsoft Visual Studio Solution File, Format Version 12.00
# Visual Studio 15
Project("{FAE04EC0-301F-11D3-BF4B-00C04F79EFBC}") = "Assembly-CSharp-Editor", "Assembly-CSharp-Editor.csproj", "{619F3785-4688-8145-FCB1-30F70E5DEC79}"
EndProject
Project("{FAE04EC0-301F-11D3-BF4B-00C04F79EFBC}") = "Assembly-CSharp", "Assembly-CSharp.csproj", "{2856E861-DD9B-A353-7447-183218636DF5}"
EndProject
Global
	GlobalSection(SolutionConfigurationPlatforms) = preSolution
		Debug|Any CPU = Debug|Any CPU
		Release|Any CPU = Release|Any CPU
	EndGlobalSection
	GlobalSection(ProjectConfigurationPlatforms) = postSolution
		{619F3785-4688-8145-FCB1-30F70E5DEC79}.Debug|Any CPU.ActiveCfg = Debug|Any CPU
		{619F3785-4688-8145-FCB1-30F70E5DEC79}.Debug|Any CPU.Build.0 = Debug|Any CPU
		{619F3785-4688-8145-FCB1-30F70E5DEC79}.Release|Any CPU.ActiveCfg = Release|Any CPU
		{619F3785-4688-8145-FCB1-30F70E5DEC79}.Release|Any CPU.Build.0 = Release|Any CPU
		{2856E861-DD9B-A353-7447-183218636DF5}.Debug|Any CPU.ActiveCfg = Debug|Any CPU
		{2856E861-DD9B-A353-7447-183218636DF5}.Debug|Any CPU.Build.0 = Debug|Any CPU
		{2856E861-DD9B-A353-7447-183218636DF5}.Release|Any CPU.ActiveCfg = Release|Any CPU
		{2856E861-DD9B-A353-7447-183218636DF5}.Release|Any CPU.Build.0 = Release|Any CPU
	EndGlobalSection
	GlobalSection(SolutionProperties) = preSolution
		HideSolutionNode = FALSE
	EndGlobalSection
EndGlobal
