
Microsoft Visual Studio Solution File, Format Version 12.00
# Visual Studio Version 17
VisualStudioVersion = 17.14.36518.9 d17.14
MinimumVisualStudioVersion = 10.0.40219.1
Project("{FAE04EC0-301F-11D3-BF4B-00C04F79EFBC}") = "FlappyCore", "FlappyCore\FlappyCore.csproj", "{8C3AFA43-E341-495A-B77C-081D249FA45C}"
EndProject
Project("{FAE04EC0-301F-11D3-BF4B-00C04F79EFBC}") = "FlappyCore.Tests", "FlappyCore.Tests\FlappyCore.Tests.csproj", "{688F2826-5CBB-4925-8E81-6FFD3860718A}"
EndProject
Global
	GlobalSection(SolutionConfigurationPlatforms) = preSolution
		Debug|Any CPU = Debug|Any CPU
		Debug|x64 = Debug|x64
		Debug|x86 = Debug|x86
		Release|Any CPU = Release|Any CPU
		Release|x64 = Release|x64
		Release|x86 = Release|x86
	EndGlobalSection
	GlobalSection(ProjectConfigurationPlatforms) = postSolution
		{8C3AFA43-E341-495A-B77C-081D249FA45C}.Debug|Any CPU.ActiveCfg = Debug|Any CPU
		{8C3AFA43-E341-495A-B77C-081D249FA45C}.Debug|Any CPU.Build.0 = Debug|Any CPU
		{8C3AFA43-E341-495A-B77C-081D249FA45C}.Debug|x64.ActiveCfg = Debug|Any CPU
		{8C3AFA43-E341-495A-B77C-081D249FA45C}.Debug|x64.Build.0 = Debug|Any CPU
		{8C3AFA43-E341-495A-B77C-081D249FA45C}.Debug|x86.ActiveCfg = Debug|Any CPU
		{8C3AFA43-E341-495A-B77C-081D249FA45C}.Debug|x86.Build.0 = Debug|Any CPU
		{8C3AFA43-E341-495A-B77C-081D249FA45C}.Release|Any CPU.ActiveCfg = Release|Any CPU
		{8C3AFA43-E341-495A-B77C-081D249FA45C}.Release|Any CPU.Build.0 = Release|Any CPU
		{8C3AFA43-E341-495A-B77C-081D249FA45C}.Release|x64.ActiveCfg = Release|Any CPU
		{8C3AFA43-E341-495A-B77C-081D249FA45C}.Release|x64.Build.0 = Release|Any CPU
		{8C3AFA43-E341-495A-B77C-081D249FA45C}.Release|x86.ActiveCfg = Release|Any CPU
		{8C3AFA43-E341-495A-B77C-081D249FA45C}.Release|x86.Build.0 = Release|Any CPU
		{688F2826-5CBB-4925-8E81-6FFD3860718A}.Debug|Any CPU.ActiveCfg = Debug|Any CPU
		{688F2826-5CBB-4925-8E81-6FFD3860718A}.Debug|Any CPU.Build.0 = Debug|Any CPU
		{688F2826-5CBB-4925-8E81-6FFD3860718A}.Debug|x64.ActiveCfg = Debug|Any CPU
		{688F2826-5CBB-4925-8E81-6FFD3860718A}.Debug|x64.Build.0 = Debug|Any CPU
		{688F2826-5CBB-4925-8E81-6FFD3860718A}.Debug|x86.ActiveCfg = Debug|Any CPU
		{688F2826-5CBB-4925-8E81-6FFD3860718A}.Debug|x86.Build.0 = Debug|Any CPU
		{688F2826-5CBB-4925-8E81-6FFD3860718A}.Release|Any CPU.ActiveCfg = Release|Any CPU
		{688F2826-5CBB-4925-8E81-6FFD3860718A}.Release|x64.ActiveCfg = Release|Any CPU
		{688F2826-5CBB-4925-8E81-6FFD3860718A}.Release|x64.Build.0 = Release|Any CPU
		{688F2826-5CBB-4925-8E81-6FFD3860718A}.Release|x86.ActiveCfg = Release|Any CPU
		{688F2826-5CBB-4925-8E81-6FFD3860718A}.Release|x86.Build.0 = Release|Any CPU
	EndGlobalSection
	GlobalSection(SolutionProperties) = preSolution
		HideSolutionNode = FALSE
	EndGlobalSection
	GlobalSection(ExtensibilityGlobals) = postSolution
		SolutionGuid = {03CB83FD-A181-48DA-9CE2-A203AE3DBCB8}
	EndGlobalSection
EndGlobal
